
Microsoft Visual Studio Solution File, Format Version 12.00
# Visual Studio Version 17
VisualStudioVersion = 17.7.34018.315
MinimumVisualStudioVersion = 10.0.40219.1
Project("{2150E333-8FDC-42A3-9474-1A3956D46DE8}") = "Solution Items", "Solution Items", "{0CE423BB-2BB0-4DDB-B8AF-6DD18F93BD1A}"
	ProjectSection(SolutionItems) = preProject
		.gitignore = .gitignore
		Architecture = Architecture
		LICENSE = LICENSE
		README.md = README.md
	EndProjectSection
EndProject
Project("{9A19103F-16F7-4668-BE54-9A1E7A4F7556}") = "NetMaintenR", "NetMaintenR\NetMaintenR.csproj", "{27BA20E2-EF18-4670-84C9-DAF4498D887A}"
EndProject
Project("{E53339B2-1760-4266-BCC7-CA923CBCF16C}") = "docker-compose", "docker-compose.dcproj", "{771367E5-35BB-4710-B3E9-FE5A782D8DEC}"
EndProject
Project("{9A19103F-16F7-4668-BE54-9A1E7A4F7556}") = "NetMaintenR.Tests", "NetMaintenR.Tests\NetMaintenR.Tests.csproj", "{28BD38DD-2687-4E97-9C15-388E9D19A6D3}"
EndProject
Global
	GlobalSection(SolutionConfigurationPlatforms) = preSolution
		Debug|Any CPU = Debug|Any CPU
		Release|Any CPU = Release|Any CPU
	EndGlobalSection
	GlobalSection(ProjectConfigurationPlatforms) = postSolution
		{27BA20E2-EF18-4670-84C9-DAF4498D887A}.Debug|Any CPU.ActiveCfg = Debug|Any CPU
		{27BA20E2-EF18-4670-84C9-DAF4498D887A}.Debug|Any CPU.Build.0 = Debug|Any CPU
		{27BA20E2-EF18-4670-84C9-DAF4498D887A}.Release|Any CPU.ActiveCfg = Release|Any CPU
		{27BA20E2-EF18-4670-84C9-DAF4498D887A}.Release|Any CPU.Build.0 = Release|Any CPU
		{771367E5-35BB-4710-B3E9-FE5A782D8DEC}.Debug|Any CPU.ActiveCfg = Debug|Any CPU
		{771367E5-35BB-4710-B3E9-FE5A782D8DEC}.Debug|Any CPU.Build.0 = Debug|Any CPU
		{771367E5-35BB-4710-B3E9-FE5A782D8DEC}.Release|Any CPU.ActiveCfg = Release|Any CPU
		{771367E5-35BB-4710-B3E9-FE5A782D8DEC}.Release|Any CPU.Build.0 = Release|Any CPU
		{28BD38DD-2687-4E97-9C15-388E9D19A6D3}.Debug|Any CPU.ActiveCfg = Debug|Any CPU
		{28BD38DD-2687-4E97-9C15-388E9D19A6D3}.Debug|Any CPU.Build.0 = Debug|Any CPU
		{28BD38DD-2687-4E97-9C15-388E9D19A6D3}.Release|Any CPU.ActiveCfg = Release|Any CPU
		{28BD38DD-2687-4E97-9C15-388E9D19A6D3}.Release|Any CPU.Build.0 = Release|Any CPU
	EndGlobalSection
	GlobalSection(SolutionProperties) = preSolution
		HideSolutionNode = FALSE
	EndGlobalSection
	GlobalSection(ExtensibilityGlobals) = postSolution
		SolutionGuid = {D4CACBBC-1024-4144-9D21-F8B44FCF9AFC}
	EndGlobalSection
EndGlobal
