
Microsoft Visual Studio Solution File, Format Version 12.00
# Visual Studio Version 17
VisualStudioVersion = 17.7.34018.315
MinimumVisualStudioVersion = 10.0.40219.1
Project("{FAE04EC0-301F-11D3-BF4B-00C04F79EFBC}") = "NetOb", "NetOb\NetOb.csproj", "{072BAC3F-7496-471D-B96A-FC375AC9DC7C}"
EndProject
Project("{FAE04EC0-301F-11D3-BF4B-00C04F79EFBC}") = "NetInspectR", "NetInspectR\NetInspectR.csproj", "{5CC44424-B988-435D-A879-92260854077E}"
EndProject
Project("{FAE04EC0-301F-11D3-BF4B-00C04F79EFBC}") = "NetJobR", "NetJobR\NetJobR.csproj", "{C364CECC-BFC8-47D8-851C-864BED3404DF}"
EndProject
Project("{FAE04EC0-301F-11D3-BF4B-00C04F79EFBC}") = "NetWorkR", "NetWorkR\NetWorkR.csproj", "{2801D3B1-B8CB-429C-9F26-F4B756C647BE}"
EndProject
Project("{FAE04EC0-301F-11D3-BF4B-00C04F79EFBC}") = "NetReportR", "NetReportR\NetReportR.csproj", "{78F49FF8-3A1F-42B5-8B5A-6232F2F619F7}"
EndProject
Project("{FAE04EC0-301F-11D3-BF4B-00C04F79EFBC}") = "NetCloseR", "NetCloseR\NetCloseR.csproj", "{6F9FAA49-6F6D-4141-ACBF-50938ADD98B8}"
EndProject
Project("{2150E333-8FDC-42A3-9474-1A3956D46DE8}") = "Solution Items", "Solution Items", "{0CE423BB-2BB0-4DDB-B8AF-6DD18F93BD1A}"
	ProjectSection(SolutionItems) = preProject
		.gitignore = .gitignore
		Architecture = Architecture
		LICENSE = LICENSE
		README.md = README.md
	EndProjectSection
EndProject
Global
	GlobalSection(SolutionConfigurationPlatforms) = preSolution
		Debug|Any CPU = Debug|Any CPU
		Release|Any CPU = Release|Any CPU
	EndGlobalSection
	GlobalSection(ProjectConfigurationPlatforms) = postSolution
		{072BAC3F-7496-471D-B96A-FC375AC9DC7C}.Debug|Any CPU.ActiveCfg = Debug|Any CPU
		{072BAC3F-7496-471D-B96A-FC375AC9DC7C}.Debug|Any CPU.Build.0 = Debug|Any CPU
		{072BAC3F-7496-471D-B96A-FC375AC9DC7C}.Release|Any CPU.ActiveCfg = Release|Any CPU
		{072BAC3F-7496-471D-B96A-FC375AC9DC7C}.Release|Any CPU.Build.0 = Release|Any CPU
		{5CC44424-B988-435D-A879-92260854077E}.Debug|Any CPU.ActiveCfg = Debug|Any CPU
		{5CC44424-B988-435D-A879-92260854077E}.Debug|Any CPU.Build.0 = Debug|Any CPU
		{5CC44424-B988-435D-A879-92260854077E}.Release|Any CPU.ActiveCfg = Release|Any CPU
		{5CC44424-B988-435D-A879-92260854077E}.Release|Any CPU.Build.0 = Release|Any CPU
		{C364CECC-BFC8-47D8-851C-864BED3404DF}.Debug|Any CPU.ActiveCfg = Debug|Any CPU
		{C364CECC-BFC8-47D8-851C-864BED3404DF}.Debug|Any CPU.Build.0 = Debug|Any CPU
		{C364CECC-BFC8-47D8-851C-864BED3404DF}.Release|Any CPU.ActiveCfg = Release|Any CPU
		{C364CECC-BFC8-47D8-851C-864BED3404DF}.Release|Any CPU.Build.0 = Release|Any CPU
		{2801D3B1-B8CB-429C-9F26-F4B756C647BE}.Debug|Any CPU.ActiveCfg = Debug|Any CPU
		{2801D3B1-B8CB-429C-9F26-F4B756C647BE}.Debug|Any CPU.Build.0 = Debug|Any CPU
		{2801D3B1-B8CB-429C-9F26-F4B756C647BE}.Release|Any CPU.ActiveCfg = Release|Any CPU
		{2801D3B1-B8CB-429C-9F26-F4B756C647BE}.Release|Any CPU.Build.0 = Release|Any CPU
		{78F49FF8-3A1F-42B5-8B5A-6232F2F619F7}.Debug|Any CPU.ActiveCfg = Debug|Any CPU
		{78F49FF8-3A1F-42B5-8B5A-6232F2F619F7}.Debug|Any CPU.Build.0 = Debug|Any CPU
		{78F49FF8-3A1F-42B5-8B5A-6232F2F619F7}.Release|Any CPU.ActiveCfg = Release|Any CPU
		{78F49FF8-3A1F-42B5-8B5A-6232F2F619F7}.Release|Any CPU.Build.0 = Release|Any CPU
		{6F9FAA49-6F6D-4141-ACBF-50938ADD98B8}.Debug|Any CPU.ActiveCfg = Debug|Any CPU
		{6F9FAA49-6F6D-4141-ACBF-50938ADD98B8}.Debug|Any CPU.Build.0 = Debug|Any CPU
		{6F9FAA49-6F6D-4141-ACBF-50938ADD98B8}.Release|Any CPU.ActiveCfg = Release|Any CPU
		{6F9FAA49-6F6D-4141-ACBF-50938ADD98B8}.Release|Any CPU.Build.0 = Release|Any CPU
	EndGlobalSection
	GlobalSection(SolutionProperties) = preSolution
		HideSolutionNode = FALSE
	EndGlobalSection
	GlobalSection(ExtensibilityGlobals) = postSolution
		SolutionGuid = {D4CACBBC-1024-4144-9D21-F8B44FCF9AFC}
	EndGlobalSection
EndGlobal
